
Microsoft Visual Studio Solution File, Format Version 12.00
# Visual Studio Version 17
VisualStudioVersion = 17.8.34330.188
MinimumVisualStudioVersion = 10.0.40219.1
Project("{FAE04EC0-301F-11D3-BF4B-00C04F79EFBC}") = "ConsoleApp1", "ConsoleApp1\ConsoleApp1.csproj", "{DDF73F52-0B90-4957-873A-E0F899917810}"
EndProject
Global
	GlobalSection(SolutionConfigurationPlatforms) = preSolution
		Debug|Any CPU = Debug|Any CPU
		Release|Any CPU = Release|Any CPU
	EndGlobalSection
	GlobalSection(ProjectConfigurationPlatforms) = postSolution
		{DDF73F52-0B90-4957-873A-E0F899917810}.Debug|Any CPU.ActiveCfg = Debug|Any CPU
		{DDF73F52-0B90-4957-873A-E0F899917810}.Debug|Any CPU.Build.0 = Debug|Any CPU
		{DDF73F52-0B90-4957-873A-E0F899917810}.Release|Any CPU.ActiveCfg = Release|Any CPU
		{DDF73F52-0B90-4957-873A-E0F899917810}.Release|Any CPU.Build.0 = Release|Any CPU
	EndGlobalSection
	GlobalSection(SolutionProperties) = preSolution
		HideSolutionNode = FALSE
	EndGlobalSection
	GlobalSection(ExtensibilityGlobals) = postSolution
		SolutionGuid = {DA89234E-3382-445D-AAD4-47EAFEA78B9E}
	EndGlobalSection
EndGlobal
